
Microsoft Visual Studio Solution File, Format Version 12.00
# Visual Studio 14
VisualStudioVersion = 14.0.25420.1
MinimumVisualStudioVersion = 10.0.40219.1
Project("{FAE04EC0-301F-11D3-BF4B-00C04F79EFBC}") = "xamforms1", "xamforms1\xamforms1\xamforms1.csproj", "{D415A0B6-2F77-4F97-BE3B-408B850C5384}"
EndProject
Project("{FAE04EC0-301F-11D3-BF4B-00C04F79EFBC}") = "xamforms1.Droid", "xamforms1\xamforms1.Droid\xamforms1.Droid.csproj", "{5F0F990A-4CD1-4FEC-8FEE-B088E20A4818}"
EndProject
Project("{FAE04EC0-301F-11D3-BF4B-00C04F79EFBC}") = "xamforms1.iOS", "xamforms1\xamforms1.iOS\xamforms1.iOS.csproj", "{49CC63BA-6903-48C6-B954-4D82FAFEC2A7}"
EndProject
Project("{FAE04EC0-301F-11D3-BF4B-00C04F79EFBC}") = "xamforms1.WinPhone", "xamforms1\xamforms1.WinPhone\xamforms1.WinPhone.csproj", "{B81A45DA-3170-4749-9DA6-76C8E1F2240D}"
EndProject
Project("{FAE04EC0-301F-11D3-BF4B-00C04F79EFBC}") = "xamforms1.UWP", "xamforms1\xamforms1.UWP\xamforms1.UWP.csproj", "{E347BCC1-D856-4832-B84A-22CCFC0118B6}"
EndProject
Project("{FAE04EC0-301F-11D3-BF4B-00C04F79EFBC}") = "xamforms1.Windows", "xamforms1\xamforms1.Windows\xamforms1.Windows.csproj", "{DC63B27F-6E5A-461C-A7DB-26C9A36FBAEE}"
EndProject
Global
	GlobalSection(SolutionConfigurationPlatforms) = preSolution
		Ad-Hoc|Any CPU = Ad-Hoc|Any CPU
		Ad-Hoc|ARM = Ad-Hoc|ARM
		Ad-Hoc|iPhone = Ad-Hoc|iPhone
		Ad-Hoc|iPhoneSimulator = Ad-Hoc|iPhoneSimulator
		Ad-Hoc|x64 = Ad-Hoc|x64
		Ad-Hoc|x86 = Ad-Hoc|x86
		AppStore|Any CPU = AppStore|Any CPU
		AppStore|ARM = AppStore|ARM
		AppStore|iPhone = AppStore|iPhone
		AppStore|iPhoneSimulator = AppStore|iPhoneSimulator
		AppStore|x64 = AppStore|x64
		AppStore|x86 = AppStore|x86
		Debug|Any CPU = Debug|Any CPU
		Debug|ARM = Debug|ARM
		Debug|iPhone = Debug|iPhone
		Debug|iPhoneSimulator = Debug|iPhoneSimulator
		Debug|x64 = Debug|x64
		Debug|x86 = Debug|x86
		Release|Any CPU = Release|Any CPU
		Release|ARM = Release|ARM
		Release|iPhone = Release|iPhone
		Release|iPhoneSimulator = Release|iPhoneSimulator
		Release|x64 = Release|x64
		Release|x86 = Release|x86
	EndGlobalSection
	GlobalSection(ProjectConfigurationPlatforms) = postSolution
		{D415A0B6-2F77-4F97-BE3B-408B850C5384}.Ad-Hoc|Any CPU.ActiveCfg = Release|Any CPU
		{D415A0B6-2F77-4F97-BE3B-408B850C5384}.Ad-Hoc|Any CPU.Build.0 = Release|Any CPU
		{D415A0B6-2F77-4F97-BE3B-408B850C5384}.Ad-Hoc|ARM.ActiveCfg = Release|Any CPU
		{D415A0B6-2F77-4F97-BE3B-408B850C5384}.Ad-Hoc|ARM.Build.0 = Release|Any CPU
		{D415A0B6-2F77-4F97-BE3B-408B850C5384}.Ad-Hoc|iPhone.ActiveCfg = Release|Any CPU
		{D415A0B6-2F77-4F97-BE3B-408B850C5384}.Ad-Hoc|iPhone.Build.0 = Release|Any CPU
		{D415A0B6-2F77-4F97-BE3B-408B850C5384}.Ad-Hoc|iPhoneSimulator.ActiveCfg = Release|Any CPU
		{D415A0B6-2F77-4F97-BE3B-408B850C5384}.Ad-Hoc|iPhoneSimulator.Build.0 = Release|Any CPU
		{D415A0B6-2F77-4F97-BE3B-408B850C5384}.Ad-Hoc|x64.ActiveCfg = Release|Any CPU
		{D415A0B6-2F77-4F97-BE3B-408B850C5384}.Ad-Hoc|x64.Build.0 = Release|Any CPU
		{D415A0B6-2F77-4F97-BE3B-408B850C5384}.Ad-Hoc|x86.ActiveCfg = Release|Any CPU
		{D415A0B6-2F77-4F97-BE3B-408B850C5384}.Ad-Hoc|x86.Build.0 = Release|Any CPU
		{D415A0B6-2F77-4F97-BE3B-408B850C5384}.AppStore|Any CPU.ActiveCfg = Release|Any CPU
		{D415A0B6-2F77-4F97-BE3B-408B850C5384}.AppStore|Any CPU.Build.0 = Release|Any CPU
		{D415A0B6-2F77-4F97-BE3B-408B850C5384}.AppStore|ARM.ActiveCfg = Release|Any CPU
		{D415A0B6-2F77-4F97-BE3B-408B850C5384}.AppStore|ARM.Build.0 = Release|Any CPU
		{D415A0B6-2F77-4F97-BE3B-408B850C5384}.AppStore|iPhone.ActiveCfg = Release|Any CPU
		{D415A0B6-2F77-4F97-BE3B-408B850C5384}.AppStore|iPhone.Build.0 = Release|Any CPU
		{D415A0B6-2F77-4F97-BE3B-408B850C5384}.AppStore|iPhoneSimulator.ActiveCfg = Release|Any CPU
		{D415A0B6-2F77-4F97-BE3B-408B850C5384}.AppStore|iPhoneSimulator.Build.0 = Release|Any CPU
		{D415A0B6-2F77-4F97-BE3B-408B850C5384}.AppStore|x64.ActiveCfg = Release|Any CPU
		{D415A0B6-2F77-4F97-BE3B-408B850C5384}.AppStore|x64.Build.0 = Release|Any CPU
		{D415A0B6-2F77-4F97-BE3B-408B850C5384}.AppStore|x86.ActiveCfg = Release|Any CPU
		{D415A0B6-2F77-4F97-BE3B-408B850C5384}.AppStore|x86.Build.0 = Release|Any CPU
		{D415A0B6-2F77-4F97-BE3B-408B850C5384}.Debug|Any CPU.ActiveCfg = Debug|Any CPU
		{D415A0B6-2F77-4F97-BE3B-408B850C5384}.Debug|Any CPU.Build.0 = Debug|Any CPU
		{D415A0B6-2F77-4F97-BE3B-408B850C5384}.Debug|ARM.ActiveCfg = Debug|Any CPU
		{D415A0B6-2F77-4F97-BE3B-408B850C5384}.Debug|ARM.Build.0 = Debug|Any CPU
		{D415A0B6-2F77-4F97-BE3B-408B850C5384}.Debug|iPhone.ActiveCfg = Debug|Any CPU
		{D415A0B6-2F77-4F97-BE3B-408B850C5384}.Debug|iPhone.Build.0 = Debug|Any CPU
		{D415A0B6-2F77-4F97-BE3B-408B850C5384}.Debug|iPhoneSimulator.ActiveCfg = Debug|Any CPU
		{D415A0B6-2F77-4F97-BE3B-408B850C5384}.Debug|iPhoneSimulator.Build.0 = Debug|Any CPU
		{D415A0B6-2F77-4F97-BE3B-408B850C5384}.Debug|x64.ActiveCfg = Debug|Any CPU
		{D415A0B6-2F77-4F97-BE3B-408B850C5384}.Debug|x64.Build.0 = Debug|Any CPU
		{D415A0B6-2F77-4F97-BE3B-408B850C5384}.Debug|x86.ActiveCfg = Debug|Any CPU
		{D415A0B6-2F77-4F97-BE3B-408B850C5384}.Debug|x86.Build.0 = Debug|Any CPU
		{D415A0B6-2F77-4F97-BE3B-408B850C5384}.Release|Any CPU.ActiveCfg = Release|Any CPU
		{D415A0B6-2F77-4F97-BE3B-408B850C5384}.Release|Any CPU.Build.0 = Release|Any CPU
		{D415A0B6-2F77-4F97-BE3B-408B850C5384}.Release|ARM.ActiveCfg = Release|Any CPU
		{D415A0B6-2F77-4F97-BE3B-408B850C5384}.Release|ARM.Build.0 = Release|Any CPU
		{D415A0B6-2F77-4F97-BE3B-408B850C5384}.Release|iPhone.ActiveCfg = Release|Any CPU
		{D415A0B6-2F77-4F97-BE3B-408B850C5384}.Release|iPhone.Build.0 = Release|Any CPU
		{D415A0B6-2F77-4F97-BE3B-408B850C5384}.Release|iPhoneSimulator.ActiveCfg = Release|Any CPU
		{D415A0B6-2F77-4F97-BE3B-408B850C5384}.Release|iPhoneSimulator.Build.0 = Release|Any CPU
		{D415A0B6-2F77-4F97-BE3B-408B850C5384}.Release|x64.ActiveCfg = Release|Any CPU
		{D415A0B6-2F77-4F97-BE3B-408B850C5384}.Release|x64.Build.0 = Release|Any CPU
		{D415A0B6-2F77-4F97-BE3B-408B850C5384}.Release|x86.ActiveCfg = Release|Any CPU
		{D415A0B6-2F77-4F97-BE3B-408B850C5384}.Release|x86.Build.0 = Release|Any CPU
		{5F0F990A-4CD1-4FEC-8FEE-B088E20A4818}.Ad-Hoc|Any CPU.ActiveCfg = Release|Any CPU
		{5F0F990A-4CD1-4FEC-8FEE-B088E20A4818}.Ad-Hoc|Any CPU.Build.0 = Release|Any CPU
		{5F0F990A-4CD1-4FEC-8FEE-B088E20A4818}.Ad-Hoc|Any CPU.Deploy.0 = Release|Any CPU
		{5F0F990A-4CD1-4FEC-8FEE-B088E20A4818}.Ad-Hoc|ARM.ActiveCfg = Release|Any CPU
		{5F0F990A-4CD1-4FEC-8FEE-B088E20A4818}.Ad-Hoc|ARM.Build.0 = Release|Any CPU
		{5F0F990A-4CD1-4FEC-8FEE-B088E20A4818}.Ad-Hoc|ARM.Deploy.0 = Release|Any CPU
		{5F0F990A-4CD1-4FEC-8FEE-B088E20A4818}.Ad-Hoc|iPhone.ActiveCfg = Release|Any CPU
		{5F0F990A-4CD1-4FEC-8FEE-B088E20A4818}.Ad-Hoc|iPhone.Build.0 = Release|Any CPU
		{5F0F990A-4CD1-4FEC-8FEE-B088E20A4818}.Ad-Hoc|iPhone.Deploy.0 = Release|Any CPU
		{5F0F990A-4CD1-4FEC-8FEE-B088E20A4818}.Ad-Hoc|iPhoneSimulator.ActiveCfg = Release|Any CPU
		{5F0F990A-4CD1-4FEC-8FEE-B088E20A4818}.Ad-Hoc|iPhoneSimulator.Build.0 = Release|Any CPU
		{5F0F990A-4CD1-4FEC-8FEE-B088E20A4818}.Ad-Hoc|iPhoneSimulator.Deploy.0 = Release|Any CPU
		{5F0F990A-4CD1-4FEC-8FEE-B088E20A4818}.Ad-Hoc|x64.ActiveCfg = Release|Any CPU
		{5F0F990A-4CD1-4FEC-8FEE-B088E20A4818}.Ad-Hoc|x64.Build.0 = Release|Any CPU
		{5F0F990A-4CD1-4FEC-8FEE-B088E20A4818}.Ad-Hoc|x64.Deploy.0 = Release|Any CPU
		{5F0F990A-4CD1-4FEC-8FEE-B088E20A4818}.Ad-Hoc|x86.ActiveCfg = Release|Any CPU
		{5F0F990A-4CD1-4FEC-8FEE-B088E20A4818}.Ad-Hoc|x86.Build.0 = Release|Any CPU
		{5F0F990A-4CD1-4FEC-8FEE-B088E20A4818}.Ad-Hoc|x86.Deploy.0 = Release|Any CPU
		{5F0F990A-4CD1-4FEC-8FEE-B088E20A4818}.AppStore|Any CPU.ActiveCfg = Release|Any CPU
		{5F0F990A-4CD1-4FEC-8FEE-B088E20A4818}.AppStore|Any CPU.Build.0 = Release|Any CPU
		{5F0F990A-4CD1-4FEC-8FEE-B088E20A4818}.AppStore|Any CPU.Deploy.0 = Release|Any CPU
		{5F0F990A-4CD1-4FEC-8FEE-B088E20A4818}.AppStore|ARM.ActiveCfg = Release|Any CPU
		{5F0F990A-4CD1-4FEC-8FEE-B088E20A4818}.AppStore|ARM.Build.0 = Release|Any CPU
		{5F0F990A-4CD1-4FEC-8FEE-B088E20A4818}.AppStore|ARM.Deploy.0 = Release|Any CPU
		{5F0F990A-4CD1-4FEC-8FEE-B088E20A4818}.AppStore|iPhone.ActiveCfg = Release|Any CPU
		{5F0F990A-4CD1-4FEC-8FEE-B088E20A4818}.AppStore|iPhone.Build.0 = Release|Any CPU
		{5F0F990A-4CD1-4FEC-8FEE-B088E20A4818}.AppStore|iPhone.Deploy.0 = Release|Any CPU
		{5F0F990A-4CD1-4FEC-8FEE-B088E20A4818}.AppStore|iPhoneSimulator.ActiveCfg = Release|Any CPU
		{5F0F990A-4CD1-4FEC-8FEE-B088E20A4818}.AppStore|iPhoneSimulator.Build.0 = Release|Any CPU
		{5F0F990A-4CD1-4FEC-8FEE-B088E20A4818}.AppStore|iPhoneSimulator.Deploy.0 = Release|Any CPU
		{5F0F990A-4CD1-4FEC-8FEE-B088E20A4818}.AppStore|x64.ActiveCfg = Release|Any CPU
		{5F0F990A-4CD1-4FEC-8FEE-B088E20A4818}.AppStore|x64.Build.0 = Release|Any CPU
		{5F0F990A-4CD1-4FEC-8FEE-B088E20A4818}.AppStore|x64.Deploy.0 = Release|Any CPU
		{5F0F990A-4CD1-4FEC-8FEE-B088E20A4818}.AppStore|x86.ActiveCfg = Release|Any CPU
		{5F0F990A-4CD1-4FEC-8FEE-B088E20A4818}.AppStore|x86.Build.0 = Release|Any CPU
		{5F0F990A-4CD1-4FEC-8FEE-B088E20A4818}.AppStore|x86.Deploy.0 = Release|Any CPU
		{5F0F990A-4CD1-4FEC-8FEE-B088E20A4818}.Debug|Any CPU.ActiveCfg = Debug|Any CPU
		{5F0F990A-4CD1-4FEC-8FEE-B088E20A4818}.Debug|Any CPU.Build.0 = Debug|Any CPU
		{5F0F990A-4CD1-4FEC-8FEE-B088E20A4818}.Debug|Any CPU.Deploy.0 = Debug|Any CPU
		{5F0F990A-4CD1-4FEC-8FEE-B088E20A4818}.Debug|ARM.ActiveCfg = Debug|Any CPU
		{5F0F990A-4CD1-4FEC-8FEE-B088E20A4818}.Debug|ARM.Build.0 = Debug|Any CPU
		{5F0F990A-4CD1-4FEC-8FEE-B088E20A4818}.Debug|ARM.Deploy.0 = Debug|Any CPU
		{5F0F990A-4CD1-4FEC-8FEE-B088E20A4818}.Debug|iPhone.ActiveCfg = Debug|Any CPU
		{5F0F990A-4CD1-4FEC-8FEE-B088E20A4818}.Debug|iPhone.Build.0 = Debug|Any CPU
		{5F0F990A-4CD1-4FEC-8FEE-B088E20A4818}.Debug|iPhone.Deploy.0 = Debug|Any CPU
		{5F0F990A-4CD1-4FEC-8FEE-B088E20A4818}.Debug|iPhoneSimulator.ActiveCfg = Debug|Any CPU
		{5F0F990A-4CD1-4FEC-8FEE-B088E20A4818}.Debug|iPhoneSimulator.Build.0 = Debug|Any CPU
		{5F0F990A-4CD1-4FEC-8FEE-B088E20A4818}.Debug|iPhoneSimulator.Deploy.0 = Debug|Any CPU
		{5F0F990A-4CD1-4FEC-8FEE-B088E20A4818}.Debug|x64.ActiveCfg = Debug|Any CPU
		{5F0F990A-4CD1-4FEC-8FEE-B088E20A4818}.Debug|x64.Build.0 = Debug|Any CPU
		{5F0F990A-4CD1-4FEC-8FEE-B088E20A4818}.Debug|x64.Deploy.0 = Debug|Any CPU
		{5F0F990A-4CD1-4FEC-8FEE-B088E20A4818}.Debug|x86.ActiveCfg = Debug|Any CPU
		{5F0F990A-4CD1-4FEC-8FEE-B088E20A4818}.Debug|x86.Build.0 = Debug|Any CPU
		{5F0F990A-4CD1-4FEC-8FEE-B088E20A4818}.Debug|x86.Deploy.0 = Debug|Any CPU
		{5F0F990A-4CD1-4FEC-8FEE-B088E20A4818}.Release|Any CPU.ActiveCfg = Release|Any CPU
		{5F0F990A-4CD1-4FEC-8FEE-B088E20A4818}.Release|Any CPU.Build.0 = Release|Any CPU
		{5F0F990A-4CD1-4FEC-8FEE-B088E20A4818}.Release|Any CPU.Deploy.0 = Release|Any CPU
		{5F0F990A-4CD1-4FEC-8FEE-B088E20A4818}.Release|ARM.ActiveCfg = Release|Any CPU
		{5F0F990A-4CD1-4FEC-8FEE-B088E20A4818}.Release|ARM.Build.0 = Release|Any CPU
		{5F0F990A-4CD1-4FEC-8FEE-B088E20A4818}.Release|ARM.Deploy.0 = Release|Any CPU
		{5F0F990A-4CD1-4FEC-8FEE-B088E20A4818}.Release|iPhone.ActiveCfg = Release|Any CPU
		{5F0F990A-4CD1-4FEC-8FEE-B088E20A4818}.Release|iPhone.Build.0 = Release|Any CPU
		{5F0F990A-4CD1-4FEC-8FEE-B088E20A4818}.Release|iPhone.Deploy.0 = Release|Any CPU
		{5F0F990A-4CD1-4FEC-8FEE-B088E20A4818}.Release|iPhoneSimulator.ActiveCfg = Release|Any CPU
		{5F0F990A-4CD1-4FEC-8FEE-B088E20A4818}.Release|iPhoneSimulator.Build.0 = Release|Any CPU
		{5F0F990A-4CD1-4FEC-8FEE-B088E20A4818}.Release|iPhoneSimulator.Deploy.0 = Release|Any CPU
		{5F0F990A-4CD1-4FEC-8FEE-B088E20A4818}.Release|x64.ActiveCfg = Release|Any CPU
		{5F0F990A-4CD1-4FEC-8FEE-B088E20A4818}.Release|x64.Build.0 = Release|Any CPU
		{5F0F990A-4CD1-4FEC-8FEE-B088E20A4818}.Release|x64.Deploy.0 = Release|Any CPU
		{5F0F990A-4CD1-4FEC-8FEE-B088E20A4818}.Release|x86.ActiveCfg = Release|Any CPU
		{5F0F990A-4CD1-4FEC-8FEE-B088E20A4818}.Release|x86.Build.0 = Release|Any CPU
		{5F0F990A-4CD1-4FEC-8FEE-B088E20A4818}.Release|x86.Deploy.0 = Release|Any CPU
		{49CC63BA-6903-48C6-B954-4D82FAFEC2A7}.Ad-Hoc|Any CPU.ActiveCfg = Ad-Hoc|iPhone
		{49CC63BA-6903-48C6-B954-4D82FAFEC2A7}.Ad-Hoc|ARM.ActiveCfg = Ad-Hoc|iPhone
		{49CC63BA-6903-48C6-B954-4D82FAFEC2A7}.Ad-Hoc|iPhone.ActiveCfg = Ad-Hoc|iPhone
		{49CC63BA-6903-48C6-B954-4D82FAFEC2A7}.Ad-Hoc|iPhone.Build.0 = Ad-Hoc|iPhone
		{49CC63BA-6903-48C6-B954-4D82FAFEC2A7}.Ad-Hoc|iPhoneSimulator.ActiveCfg = Ad-Hoc|iPhoneSimulator
		{49CC63BA-6903-48C6-B954-4D82FAFEC2A7}.Ad-Hoc|iPhoneSimulator.Build.0 = Ad-Hoc|iPhoneSimulator
		{49CC63BA-6903-48C6-B954-4D82FAFEC2A7}.Ad-Hoc|x64.ActiveCfg = Ad-Hoc|iPhone
		{49CC63BA-6903-48C6-B954-4D82FAFEC2A7}.Ad-Hoc|x86.ActiveCfg = Ad-Hoc|iPhone
		{49CC63BA-6903-48C6-B954-4D82FAFEC2A7}.AppStore|Any CPU.ActiveCfg = AppStore|iPhone
		{49CC63BA-6903-48C6-B954-4D82FAFEC2A7}.AppStore|ARM.ActiveCfg = AppStore|iPhone
		{49CC63BA-6903-48C6-B954-4D82FAFEC2A7}.AppStore|iPhone.ActiveCfg = AppStore|iPhone
		{49CC63BA-6903-48C6-B954-4D82FAFEC2A7}.AppStore|iPhone.Build.0 = AppStore|iPhone
		{49CC63BA-6903-48C6-B954-4D82FAFEC2A7}.AppStore|iPhoneSimulator.ActiveCfg = AppStore|iPhoneSimulator
		{49CC63BA-6903-48C6-B954-4D82FAFEC2A7}.AppStore|iPhoneSimulator.Build.0 = AppStore|iPhoneSimulator
		{49CC63BA-6903-48C6-B954-4D82FAFEC2A7}.AppStore|x64.ActiveCfg = AppStore|iPhone
		{49CC63BA-6903-48C6-B954-4D82FAFEC2A7}.AppStore|x86.ActiveCfg = AppStore|iPhone
		{49CC63BA-6903-48C6-B954-4D82FAFEC2A7}.Debug|Any CPU.ActiveCfg = Debug|iPhone
		{49CC63BA-6903-48C6-B954-4D82FAFEC2A7}.Debug|ARM.ActiveCfg = Debug|iPhone
		{49CC63BA-6903-48C6-B954-4D82FAFEC2A7}.Debug|iPhone.ActiveCfg = Debug|iPhone
		{49CC63BA-6903-48C6-B954-4D82FAFEC2A7}.Debug|iPhone.Build.0 = Debug|iPhone
		{49CC63BA-6903-48C6-B954-4D82FAFEC2A7}.Debug|iPhoneSimulator.ActiveCfg = Debug|iPhoneSimulator
		{49CC63BA-6903-48C6-B954-4D82FAFEC2A7}.Debug|iPhoneSimulator.Build.0 = Debug|iPhoneSimulator
		{49CC63BA-6903-48C6-B954-4D82FAFEC2A7}.Debug|x64.ActiveCfg = Debug|iPhone
		{49CC63BA-6903-48C6-B954-4D82FAFEC2A7}.Debug|x86.ActiveCfg = Debug|iPhone
		{49CC63BA-6903-48C6-B954-4D82FAFEC2A7}.Release|Any CPU.ActiveCfg = Release|iPhone
		{49CC63BA-6903-48C6-B954-4D82FAFEC2A7}.Release|ARM.ActiveCfg = Release|iPhone
		{49CC63BA-6903-48C6-B954-4D82FAFEC2A7}.Release|iPhone.ActiveCfg = Release|iPhone
		{49CC63BA-6903-48C6-B954-4D82FAFEC2A7}.Release|iPhone.Build.0 = Release|iPhone
		{49CC63BA-6903-48C6-B954-4D82FAFEC2A7}.Release|iPhoneSimulator.ActiveCfg = Release|iPhoneSimulator
		{49CC63BA-6903-48C6-B954-4D82FAFEC2A7}.Release|iPhoneSimulator.Build.0 = Release|iPhoneSimulator
		{49CC63BA-6903-48C6-B954-4D82FAFEC2A7}.Release|x64.ActiveCfg = Release|iPhone
		{49CC63BA-6903-48C6-B954-4D82FAFEC2A7}.Release|x86.ActiveCfg = Release|iPhone
		{B81A45DA-3170-4749-9DA6-76C8E1F2240D}.Ad-Hoc|Any CPU.ActiveCfg = Release|Any CPU
		{B81A45DA-3170-4749-9DA6-76C8E1F2240D}.Ad-Hoc|Any CPU.Build.0 = Release|Any CPU
		{B81A45DA-3170-4749-9DA6-76C8E1F2240D}.Ad-Hoc|Any CPU.Deploy.0 = Release|Any CPU
		{B81A45DA-3170-4749-9DA6-76C8E1F2240D}.Ad-Hoc|ARM.ActiveCfg = Release|ARM
		{B81A45DA-3170-4749-9DA6-76C8E1F2240D}.Ad-Hoc|ARM.Build.0 = Release|ARM
		{B81A45DA-3170-4749-9DA6-76C8E1F2240D}.Ad-Hoc|ARM.Deploy.0 = Release|ARM
		{B81A45DA-3170-4749-9DA6-76C8E1F2240D}.Ad-Hoc|iPhone.ActiveCfg = Release|Any CPU
		{B81A45DA-3170-4749-9DA6-76C8E1F2240D}.Ad-Hoc|iPhone.Build.0 = Release|Any CPU
		{B81A45DA-3170-4749-9DA6-76C8E1F2240D}.Ad-Hoc|iPhone.Deploy.0 = Release|Any CPU
		{B81A45DA-3170-4749-9DA6-76C8E1F2240D}.Ad-Hoc|iPhoneSimulator.ActiveCfg = Release|Any CPU
		{B81A45DA-3170-4749-9DA6-76C8E1F2240D}.Ad-Hoc|iPhoneSimulator.Build.0 = Release|Any CPU
		{B81A45DA-3170-4749-9DA6-76C8E1F2240D}.Ad-Hoc|iPhoneSimulator.Deploy.0 = Release|Any CPU
		{B81A45DA-3170-4749-9DA6-76C8E1F2240D}.Ad-Hoc|x64.ActiveCfg = Release|Any CPU
		{B81A45DA-3170-4749-9DA6-76C8E1F2240D}.Ad-Hoc|x64.Build.0 = Release|Any CPU
		{B81A45DA-3170-4749-9DA6-76C8E1F2240D}.Ad-Hoc|x64.Deploy.0 = Release|Any CPU
		{B81A45DA-3170-4749-9DA6-76C8E1F2240D}.Ad-Hoc|x86.ActiveCfg = Release|x86
		{B81A45DA-3170-4749-9DA6-76C8E1F2240D}.Ad-Hoc|x86.Build.0 = Release|x86
		{B81A45DA-3170-4749-9DA6-76C8E1F2240D}.Ad-Hoc|x86.Deploy.0 = Release|x86
		{B81A45DA-3170-4749-9DA6-76C8E1F2240D}.AppStore|Any CPU.ActiveCfg = Release|Any CPU
		{B81A45DA-3170-4749-9DA6-76C8E1F2240D}.AppStore|Any CPU.Build.0 = Release|Any CPU
		{B81A45DA-3170-4749-9DA6-76C8E1F2240D}.AppStore|Any CPU.Deploy.0 = Release|Any CPU
		{B81A45DA-3170-4749-9DA6-76C8E1F2240D}.AppStore|ARM.ActiveCfg = Release|ARM
		{B81A45DA-3170-4749-9DA6-76C8E1F2240D}.AppStore|ARM.Build.0 = Release|ARM
		{B81A45DA-3170-4749-9DA6-76C8E1F2240D}.AppStore|ARM.Deploy.0 = Release|ARM
		{B81A45DA-3170-4749-9DA6-76C8E1F2240D}.AppStore|iPhone.ActiveCfg = Release|Any CPU
		{B81A45DA-3170-4749-9DA6-76C8E1F2240D}.AppStore|iPhone.Build.0 = Release|Any CPU
		{B81A45DA-3170-4749-9DA6-76C8E1F2240D}.AppStore|iPhone.Deploy.0 = Release|Any CPU
		{B81A45DA-3170-4749-9DA6-76C8E1F2240D}.AppStore|iPhoneSimulator.ActiveCfg = Release|Any CPU
		{B81A45DA-3170-4749-9DA6-76C8E1F2240D}.AppStore|iPhoneSimulator.Build.0 = Release|Any CPU
		{B81A45DA-3170-4749-9DA6-76C8E1F2240D}.AppStore|iPhoneSimulator.Deploy.0 = Release|Any CPU
		{B81A45DA-3170-4749-9DA6-76C8E1F2240D}.AppStore|x64.ActiveCfg = Release|Any CPU
		{B81A45DA-3170-4749-9DA6-76C8E1F2240D}.AppStore|x64.Build.0 = Release|Any CPU
		{B81A45DA-3170-4749-9DA6-76C8E1F2240D}.AppStore|x64.Deploy.0 = Release|Any CPU
		{B81A45DA-3170-4749-9DA6-76C8E1F2240D}.AppStore|x86.ActiveCfg = Release|x86
		{B81A45DA-3170-4749-9DA6-76C8E1F2240D}.AppStore|x86.Build.0 = Release|x86
		{B81A45DA-3170-4749-9DA6-76C8E1F2240D}.AppStore|x86.Deploy.0 = Release|x86
		{B81A45DA-3170-4749-9DA6-76C8E1F2240D}.Debug|Any CPU.ActiveCfg = Debug|Any CPU
		{B81A45DA-3170-4749-9DA6-76C8E1F2240D}.Debug|Any CPU.Build.0 = Debug|Any CPU
		{B81A45DA-3170-4749-9DA6-76C8E1F2240D}.Debug|Any CPU.Deploy.0 = Debug|Any CPU
		{B81A45DA-3170-4749-9DA6-76C8E1F2240D}.Debug|ARM.ActiveCfg = Debug|ARM
		{B81A45DA-3170-4749-9DA6-76C8E1F2240D}.Debug|ARM.Build.0 = Debug|ARM
		{B81A45DA-3170-4749-9DA6-76C8E1F2240D}.Debug|ARM.Deploy.0 = Debug|ARM
		{B81A45DA-3170-4749-9DA6-76C8E1F2240D}.Debug|iPhone.ActiveCfg = Debug|Any CPU
		{B81A45DA-3170-4749-9DA6-76C8E1F2240D}.Debug|iPhone.Build.0 = Debug|Any CPU
		{B81A45DA-3170-4749-9DA6-76C8E1F2240D}.Debug|iPhone.Deploy.0 = Debug|Any CPU
		{B81A45DA-3170-4749-9DA6-76C8E1F2240D}.Debug|iPhoneSimulator.ActiveCfg = Debug|Any CPU
		{B81A45DA-3170-4749-9DA6-76C8E1F2240D}.Debug|iPhoneSimulator.Build.0 = Debug|Any CPU
		{B81A45DA-3170-4749-9DA6-76C8E1F2240D}.Debug|iPhoneSimulator.Deploy.0 = Debug|Any CPU
		{B81A45DA-3170-4749-9DA6-76C8E1F2240D}.Debug|x64.ActiveCfg = Debug|Any CPU
		{B81A45DA-3170-4749-9DA6-76C8E1F2240D}.Debug|x64.Build.0 = Debug|Any CPU
		{B81A45DA-3170-4749-9DA6-76C8E1F2240D}.Debug|x64.Deploy.0 = Debug|Any CPU
		{B81A45DA-3170-4749-9DA6-76C8E1F2240D}.Debug|x86.ActiveCfg = Debug|x86
		{B81A45DA-3170-4749-9DA6-76C8E1F2240D}.Debug|x86.Build.0 = Debug|x86
		{B81A45DA-3170-4749-9DA6-76C8E1F2240D}.Debug|x86.Deploy.0 = Debug|x86
		{B81A45DA-3170-4749-9DA6-76C8E1F2240D}.Release|Any CPU.ActiveCfg = Release|Any CPU
		{B81A45DA-3170-4749-9DA6-76C8E1F2240D}.Release|Any CPU.Build.0 = Release|Any CPU
		{B81A45DA-3170-4749-9DA6-76C8E1F2240D}.Release|Any CPU.Deploy.0 = Release|Any CPU
		{B81A45DA-3170-4749-9DA6-76C8E1F2240D}.Release|ARM.ActiveCfg = Release|ARM
		{B81A45DA-3170-4749-9DA6-76C8E1F2240D}.Release|ARM.Build.0 = Release|ARM
		{B81A45DA-3170-4749-9DA6-76C8E1F2240D}.Release|ARM.Deploy.0 = Release|ARM
		{B81A45DA-3170-4749-9DA6-76C8E1F2240D}.Release|iPhone.ActiveCfg = Release|Any CPU
		{B81A45DA-3170-4749-9DA6-76C8E1F2240D}.Release|iPhone.Build.0 = Release|Any CPU
		{B81A45DA-3170-4749-9DA6-76C8E1F2240D}.Release|iPhone.Deploy.0 = Release|Any CPU
		{B81A45DA-3170-4749-9DA6-76C8E1F2240D}.Release|iPhoneSimulator.ActiveCfg = Release|Any CPU
		{B81A45DA-3170-4749-9DA6-76C8E1F2240D}.Release|iPhoneSimulator.Build.0 = Release|Any CPU
		{B81A45DA-3170-4749-9DA6-76C8E1F2240D}.Release|iPhoneSimulator.Deploy.0 = Release|Any CPU
		{B81A45DA-3170-4749-9DA6-76C8E1F2240D}.Release|x64.ActiveCfg = Release|Any CPU
		{B81A45DA-3170-4749-9DA6-76C8E1F2240D}.Release|x64.Build.0 = Release|Any CPU
		{B81A45DA-3170-4749-9DA6-76C8E1F2240D}.Release|x64.Deploy.0 = Release|Any CPU
		{B81A45DA-3170-4749-9DA6-76C8E1F2240D}.Release|x86.ActiveCfg = Release|x86
		{B81A45DA-3170-4749-9DA6-76C8E1F2240D}.Release|x86.Build.0 = Release|x86
		{B81A45DA-3170-4749-9DA6-76C8E1F2240D}.Release|x86.Deploy.0 = Release|x86
		{E347BCC1-D856-4832-B84A-22CCFC0118B6}.Ad-Hoc|Any CPU.ActiveCfg = Release|x86
		{E347BCC1-D856-4832-B84A-22CCFC0118B6}.Ad-Hoc|Any CPU.Build.0 = Release|x86
		{E347BCC1-D856-4832-B84A-22CCFC0118B6}.Ad-Hoc|Any CPU.Deploy.0 = Release|x86
		{E347BCC1-D856-4832-B84A-22CCFC0118B6}.Ad-Hoc|ARM.ActiveCfg = Release|ARM
		{E347BCC1-D856-4832-B84A-22CCFC0118B6}.Ad-Hoc|ARM.Build.0 = Release|ARM
		{E347BCC1-D856-4832-B84A-22CCFC0118B6}.Ad-Hoc|ARM.Deploy.0 = Release|ARM
		{E347BCC1-D856-4832-B84A-22CCFC0118B6}.Ad-Hoc|iPhone.ActiveCfg = Release|x86
		{E347BCC1-D856-4832-B84A-22CCFC0118B6}.Ad-Hoc|iPhone.Build.0 = Release|x86
		{E347BCC1-D856-4832-B84A-22CCFC0118B6}.Ad-Hoc|iPhone.Deploy.0 = Release|x86
		{E347BCC1-D856-4832-B84A-22CCFC0118B6}.Ad-Hoc|iPhoneSimulator.ActiveCfg = Release|x86
		{E347BCC1-D856-4832-B84A-22CCFC0118B6}.Ad-Hoc|iPhoneSimulator.Build.0 = Release|x86
		{E347BCC1-D856-4832-B84A-22CCFC0118B6}.Ad-Hoc|iPhoneSimulator.Deploy.0 = Release|x86
		{E347BCC1-D856-4832-B84A-22CCFC0118B6}.Ad-Hoc|x64.ActiveCfg = Release|x64
		{E347BCC1-D856-4832-B84A-22CCFC0118B6}.Ad-Hoc|x64.Build.0 = Release|x64
		{E347BCC1-D856-4832-B84A-22CCFC0118B6}.Ad-Hoc|x64.Deploy.0 = Release|x64
		{E347BCC1-D856-4832-B84A-22CCFC0118B6}.Ad-Hoc|x86.ActiveCfg = Release|x86
		{E347BCC1-D856-4832-B84A-22CCFC0118B6}.Ad-Hoc|x86.Build.0 = Release|x86
		{E347BCC1-D856-4832-B84A-22CCFC0118B6}.Ad-Hoc|x86.Deploy.0 = Release|x86
		{E347BCC1-D856-4832-B84A-22CCFC0118B6}.AppStore|Any CPU.ActiveCfg = Release|x86
		{E347BCC1-D856-4832-B84A-22CCFC0118B6}.AppStore|Any CPU.Build.0 = Release|x86
		{E347BCC1-D856-4832-B84A-22CCFC0118B6}.AppStore|Any CPU.Deploy.0 = Release|x86
		{E347BCC1-D856-4832-B84A-22CCFC0118B6}.AppStore|ARM.ActiveCfg = Release|ARM
		{E347BCC1-D856-4832-B84A-22CCFC0118B6}.AppStore|ARM.Build.0 = Release|ARM
		{E347BCC1-D856-4832-B84A-22CCFC0118B6}.AppStore|ARM.Deploy.0 = Release|ARM
		{E347BCC1-D856-4832-B84A-22CCFC0118B6}.AppStore|iPhone.ActiveCfg = Release|x86
		{E347BCC1-D856-4832-B84A-22CCFC0118B6}.AppStore|iPhone.Build.0 = Release|x86
		{E347BCC1-D856-4832-B84A-22CCFC0118B6}.AppStore|iPhone.Deploy.0 = Release|x86
		{E347BCC1-D856-4832-B84A-22CCFC0118B6}.AppStore|iPhoneSimulator.ActiveCfg = Release|x86
		{E347BCC1-D856-4832-B84A-22CCFC0118B6}.AppStore|iPhoneSimulator.Build.0 = Release|x86
		{E347BCC1-D856-4832-B84A-22CCFC0118B6}.AppStore|iPhoneSimulator.Deploy.0 = Release|x86
		{E347BCC1-D856-4832-B84A-22CCFC0118B6}.AppStore|x64.ActiveCfg = Release|x64
		{E347BCC1-D856-4832-B84A-22CCFC0118B6}.AppStore|x64.Build.0 = Release|x64
		{E347BCC1-D856-4832-B84A-22CCFC0118B6}.AppStore|x64.Deploy.0 = Release|x64
		{E347BCC1-D856-4832-B84A-22CCFC0118B6}.AppStore|x86.ActiveCfg = Release|x86
		{E347BCC1-D856-4832-B84A-22CCFC0118B6}.AppStore|x86.Build.0 = Release|x86
		{E347BCC1-D856-4832-B84A-22CCFC0118B6}.AppStore|x86.Deploy.0 = Release|x86
		{E347BCC1-D856-4832-B84A-22CCFC0118B6}.Debug|Any CPU.ActiveCfg = Debug|x86
		{E347BCC1-D856-4832-B84A-22CCFC0118B6}.Debug|ARM.ActiveCfg = Debug|ARM
		{E347BCC1-D856-4832-B84A-22CCFC0118B6}.Debug|ARM.Build.0 = Debug|ARM
		{E347BCC1-D856-4832-B84A-22CCFC0118B6}.Debug|ARM.Deploy.0 = Debug|ARM
		{E347BCC1-D856-4832-B84A-22CCFC0118B6}.Debug|iPhone.ActiveCfg = Debug|x86
		{E347BCC1-D856-4832-B84A-22CCFC0118B6}.Debug|iPhoneSimulator.ActiveCfg = Debug|x86
		{E347BCC1-D856-4832-B84A-22CCFC0118B6}.Debug|x64.ActiveCfg = Debug|x64
		{E347BCC1-D856-4832-B84A-22CCFC0118B6}.Debug|x64.Build.0 = Debug|x64
		{E347BCC1-D856-4832-B84A-22CCFC0118B6}.Debug|x64.Deploy.0 = Debug|x64
		{E347BCC1-D856-4832-B84A-22CCFC0118B6}.Debug|x86.ActiveCfg = Debug|x86
		{E347BCC1-D856-4832-B84A-22CCFC0118B6}.Debug|x86.Build.0 = Debug|x86
		{E347BCC1-D856-4832-B84A-22CCFC0118B6}.Debug|x86.Deploy.0 = Debug|x86
		{E347BCC1-D856-4832-B84A-22CCFC0118B6}.Release|Any CPU.ActiveCfg = Release|x86
		{E347BCC1-D856-4832-B84A-22CCFC0118B6}.Release|ARM.ActiveCfg = Release|ARM
		{E347BCC1-D856-4832-B84A-22CCFC0118B6}.Release|ARM.Build.0 = Release|ARM
		{E347BCC1-D856-4832-B84A-22CCFC0118B6}.Release|ARM.Deploy.0 = Release|ARM
		{E347BCC1-D856-4832-B84A-22CCFC0118B6}.Release|iPhone.ActiveCfg = Release|x86
		{E347BCC1-D856-4832-B84A-22CCFC0118B6}.Release|iPhoneSimulator.ActiveCfg = Release|x86
		{E347BCC1-D856-4832-B84A-22CCFC0118B6}.Release|x64.ActiveCfg = Release|x64
		{E347BCC1-D856-4832-B84A-22CCFC0118B6}.Release|x64.Build.0 = Release|x64
		{E347BCC1-D856-4832-B84A-22CCFC0118B6}.Release|x64.Deploy.0 = Release|x64
		{E347BCC1-D856-4832-B84A-22CCFC0118B6}.Release|x86.ActiveCfg = Release|x86
		{E347BCC1-D856-4832-B84A-22CCFC0118B6}.Release|x86.Build.0 = Release|x86
		{E347BCC1-D856-4832-B84A-22CCFC0118B6}.Release|x86.Deploy.0 = Release|x86
		{DC63B27F-6E5A-461C-A7DB-26C9A36FBAEE}.Ad-Hoc|Any CPU.ActiveCfg = Release|Any CPU
		{DC63B27F-6E5A-461C-A7DB-26C9A36FBAEE}.Ad-Hoc|Any CPU.Build.0 = Release|Any CPU
		{DC63B27F-6E5A-461C-A7DB-26C9A36FBAEE}.Ad-Hoc|Any CPU.Deploy.0 = Release|Any CPU
		{DC63B27F-6E5A-461C-A7DB-26C9A36FBAEE}.Ad-Hoc|ARM.ActiveCfg = Release|ARM
		{DC63B27F-6E5A-461C-A7DB-26C9A36FBAEE}.Ad-Hoc|ARM.Build.0 = Release|ARM
		{DC63B27F-6E5A-461C-A7DB-26C9A36FBAEE}.Ad-Hoc|ARM.Deploy.0 = Release|ARM
		{DC63B27F-6E5A-461C-A7DB-26C9A36FBAEE}.Ad-Hoc|iPhone.ActiveCfg = Release|Any CPU
		{DC63B27F-6E5A-461C-A7DB-26C9A36FBAEE}.Ad-Hoc|iPhone.Build.0 = Release|Any CPU
		{DC63B27F-6E5A-461C-A7DB-26C9A36FBAEE}.Ad-Hoc|iPhone.Deploy.0 = Release|Any CPU
		{DC63B27F-6E5A-461C-A7DB-26C9A36FBAEE}.Ad-Hoc|iPhoneSimulator.ActiveCfg = Release|Any CPU
		{DC63B27F-6E5A-461C-A7DB-26C9A36FBAEE}.Ad-Hoc|iPhoneSimulator.Build.0 = Release|Any CPU
		{DC63B27F-6E5A-461C-A7DB-26C9A36FBAEE}.Ad-Hoc|iPhoneSimulator.Deploy.0 = Release|Any CPU
		{DC63B27F-6E5A-461C-A7DB-26C9A36FBAEE}.Ad-Hoc|x64.ActiveCfg = Release|x64
		{DC63B27F-6E5A-461C-A7DB-26C9A36FBAEE}.Ad-Hoc|x64.Build.0 = Release|x64
		{DC63B27F-6E5A-461C-A7DB-26C9A36FBAEE}.Ad-Hoc|x64.Deploy.0 = Release|x64
		{DC63B27F-6E5A-461C-A7DB-26C9A36FBAEE}.Ad-Hoc|x86.ActiveCfg = Release|x86
		{DC63B27F-6E5A-461C-A7DB-26C9A36FBAEE}.Ad-Hoc|x86.Build.0 = Release|x86
		{DC63B27F-6E5A-461C-A7DB-26C9A36FBAEE}.Ad-Hoc|x86.Deploy.0 = Release|x86
		{DC63B27F-6E5A-461C-A7DB-26C9A36FBAEE}.AppStore|Any CPU.ActiveCfg = Release|Any CPU
		{DC63B27F-6E5A-461C-A7DB-26C9A36FBAEE}.AppStore|Any CPU.Build.0 = Release|Any CPU
		{DC63B27F-6E5A-461C-A7DB-26C9A36FBAEE}.AppStore|Any CPU.Deploy.0 = Release|Any CPU
		{DC63B27F-6E5A-461C-A7DB-26C9A36FBAEE}.AppStore|ARM.ActiveCfg = Release|ARM
		{DC63B27F-6E5A-461C-A7DB-26C9A36FBAEE}.AppStore|ARM.Build.0 = Release|ARM
		{DC63B27F-6E5A-461C-A7DB-26C9A36FBAEE}.AppStore|ARM.Deploy.0 = Release|ARM
		{DC63B27F-6E5A-461C-A7DB-26C9A36FBAEE}.AppStore|iPhone.ActiveCfg = Release|Any CPU
		{DC63B27F-6E5A-461C-A7DB-26C9A36FBAEE}.AppStore|iPhone.Build.0 = Release|Any CPU
		{DC63B27F-6E5A-461C-A7DB-26C9A36FBAEE}.AppStore|iPhone.Deploy.0 = Release|Any CPU
		{DC63B27F-6E5A-461C-A7DB-26C9A36FBAEE}.AppStore|iPhoneSimulator.ActiveCfg = Release|Any CPU
		{DC63B27F-6E5A-461C-A7DB-26C9A36FBAEE}.AppStore|iPhoneSimulator.Build.0 = Release|Any CPU
		{DC63B27F-6E5A-461C-A7DB-26C9A36FBAEE}.AppStore|iPhoneSimulator.Deploy.0 = Release|Any CPU
		{DC63B27F-6E5A-461C-A7DB-26C9A36FBAEE}.AppStore|x64.ActiveCfg = Release|x64
		{DC63B27F-6E5A-461C-A7DB-26C9A36FBAEE}.AppStore|x64.Build.0 = Release|x64
		{DC63B27F-6E5A-461C-A7DB-26C9A36FBAEE}.AppStore|x64.Deploy.0 = Release|x64
		{DC63B27F-6E5A-461C-A7DB-26C9A36FBAEE}.AppStore|x86.ActiveCfg = Release|x86
		{DC63B27F-6E5A-461C-A7DB-26C9A36FBAEE}.AppStore|x86.Build.0 = Release|x86
		{DC63B27F-6E5A-461C-A7DB-26C9A36FBAEE}.AppStore|x86.Deploy.0 = Release|x86
		{DC63B27F-6E5A-461C-A7DB-26C9A36FBAEE}.Debug|Any CPU.ActiveCfg = Debug|Any CPU
		{DC63B27F-6E5A-461C-A7DB-26C9A36FBAEE}.Debug|Any CPU.Build.0 = Debug|Any CPU
		{DC63B27F-6E5A-461C-A7DB-26C9A36FBAEE}.Debug|Any CPU.Deploy.0 = Debug|Any CPU
		{DC63B27F-6E5A-461C-A7DB-26C9A36FBAEE}.Debug|ARM.ActiveCfg = Debug|ARM
		{DC63B27F-6E5A-461C-A7DB-26C9A36FBAEE}.Debug|ARM.Build.0 = Debug|ARM
		{DC63B27F-6E5A-461C-A7DB-26C9A36FBAEE}.Debug|ARM.Deploy.0 = Debug|ARM
		{DC63B27F-6E5A-461C-A7DB-26C9A36FBAEE}.Debug|iPhone.ActiveCfg = Debug|Any CPU
		{DC63B27F-6E5A-461C-A7DB-26C9A36FBAEE}.Debug|iPhone.Build.0 = Debug|Any CPU
		{DC63B27F-6E5A-461C-A7DB-26C9A36FBAEE}.Debug|iPhone.Deploy.0 = Debug|Any CPU
		{DC63B27F-6E5A-461C-A7DB-26C9A36FBAEE}.Debug|iPhoneSimulator.ActiveCfg = Debug|Any CPU
		{DC63B27F-6E5A-461C-A7DB-26C9A36FBAEE}.Debug|iPhoneSimulator.Build.0 = Debug|Any CPU
		{DC63B27F-6E5A-461C-A7DB-26C9A36FBAEE}.Debug|iPhoneSimulator.Deploy.0 = Debug|Any CPU
		{DC63B27F-6E5A-461C-A7DB-26C9A36FBAEE}.Debug|x64.ActiveCfg = Debug|x64
		{DC63B27F-6E5A-461C-A7DB-26C9A36FBAEE}.Debug|x64.Build.0 = Debug|x64
		{DC63B27F-6E5A-461C-A7DB-26C9A36FBAEE}.Debug|x64.Deploy.0 = Debug|x64
		{DC63B27F-6E5A-461C-A7DB-26C9A36FBAEE}.Debug|x86.ActiveCfg = Debug|x86
		{DC63B27F-6E5A-461C-A7DB-26C9A36FBAEE}.Debug|x86.Build.0 = Debug|x86
		{DC63B27F-6E5A-461C-A7DB-26C9A36FBAEE}.Debug|x86.Deploy.0 = Debug|x86
		{DC63B27F-6E5A-461C-A7DB-26C9A36FBAEE}.Release|Any CPU.ActiveCfg = Release|Any CPU
		{DC63B27F-6E5A-461C-A7DB-26C9A36FBAEE}.Release|Any CPU.Build.0 = Release|Any CPU
		{DC63B27F-6E5A-461C-A7DB-26C9A36FBAEE}.Release|Any CPU.Deploy.0 = Release|Any CPU
		{DC63B27F-6E5A-461C-A7DB-26C9A36FBAEE}.Release|ARM.ActiveCfg = Release|ARM
		{DC63B27F-6E5A-461C-A7DB-26C9A36FBAEE}.Release|ARM.Build.0 = Release|ARM
		{DC63B27F-6E5A-461C-A7DB-26C9A36FBAEE}.Release|ARM.Deploy.0 = Release|ARM
		{DC63B27F-6E5A-461C-A7DB-26C9A36FBAEE}.Release|iPhone.ActiveCfg = Release|Any CPU
		{DC63B27F-6E5A-461C-A7DB-26C9A36FBAEE}.Release|iPhone.Build.0 = Release|Any CPU
		{DC63B27F-6E5A-461C-A7DB-26C9A36FBAEE}.Release|iPhone.Deploy.0 = Release|Any CPU
		{DC63B27F-6E5A-461C-A7DB-26C9A36FBAEE}.Release|iPhoneSimulator.ActiveCfg = Release|Any CPU
		{DC63B27F-6E5A-461C-A7DB-26C9A36FBAEE}.Release|iPhoneSimulator.Build.0 = Release|Any CPU
		{DC63B27F-6E5A-461C-A7DB-26C9A36FBAEE}.Release|iPhoneSimulator.Deploy.0 = Release|Any CPU
		{DC63B27F-6E5A-461C-A7DB-26C9A36FBAEE}.Release|x64.ActiveCfg = Release|x64
		{DC63B27F-6E5A-461C-A7DB-26C9A36FBAEE}.Release|x64.Build.0 = Release|x64
		{DC63B27F-6E5A-461C-A7DB-26C9A36FBAEE}.Release|x64.Deploy.0 = Release|x64
		{DC63B27F-6E5A-461C-A7DB-26C9A36FBAEE}.Release|x86.ActiveCfg = Release|x86
		{DC63B27F-6E5A-461C-A7DB-26C9A36FBAEE}.Release|x86.Build.0 = Release|x86
		{DC63B27F-6E5A-461C-A7DB-26C9A36FBAEE}.Release|x86.Deploy.0 = Release|x86
	EndGlobalSection
	GlobalSection(SolutionProperties) = preSolution
		HideSolutionNode = FALSE
	EndGlobalSection
EndGlobal
